PODS:
  - Flutter (1.0.0)
  - open_file_ios (1.0.3):
    - Flutter
  - printing (1.0.0):
    - Flutter

DEPENDENCIES:
  - Flutter (from `Flutter`)
  - open_file_ios (from `.symlinks/plugins/open_file_ios/ios`)
  - printing (from `.symlinks/plugins/printing/ios`)

EXTERNAL SOURCES:
  Flutter:
    :path: Flutter
  open_file_ios:
    :path: ".symlinks/plugins/open_file_ios/ios"
  printing:
    :path: ".symlinks/plugins/printing/ios"

SPEC CHECKSUMS:
  Flutter: cabc95a1d2626b1b06e7179b784ebcf0c0cde467
  open_file_ios: ece9c5358aec7b7ed7dc12fcb0f926ef6d6650f1
  printing: 233e1b73bd1f4a05615548e9b5a324c98588640b

PODFILE CHECKSUM: 251cb053df7158f337c0712f2ab29f4e0fa474ce

COCOAPODS: 1.16.2
